
Microsoft Visual Studio Solution File, Format Version 12.00
Project("{FAE04EC0-301F-11D3-BF4B-00C04F79EFBC}") = "Cosmos", "Cosmos\Cosmos\Cosmos.csproj", "{8D32E9DF-99BC-49E3-AC65-F0E1A03C8C0C}"
EndProject
Project("{FAE04EC0-301F-11D3-BF4B-00C04F79EFBC}") = "Cosmos.Android", "Cosmos\Cosmos.Android\Cosmos.Android.csproj", "{FE35C582-CB8B-4ABC-8881-908EB69BC959}"
EndProject
Project("{FAE04EC0-301F-11D3-BF4B-00C04F79EFBC}") = "Cosmos.Desktop", "Cosmos\Cosmos.Desktop\Cosmos.Desktop.csproj", "{60FD92AA-5971-4321-9C17-6A0EB3C10DAD}"
EndProject
Project("{FAE04EC0-301F-11D3-BF4B-00C04F79EFBC}") = "Cosmos.iOS", "Cosmos\Cosmos.iOS\Cosmos.iOS.csproj", "{5A4C0CCC-805D-418E-95C3-779C4191BEC0}"
EndProject
Project("{FAE04EC0-301F-11D3-BF4B-00C04F79EFBC}") = "Cosmos.Browser", "Cosmos\Cosmos.Browser\Cosmos.Browser.csproj", "{D32DD460-8340-4D6F-9538-D512B6574256}"
EndProject
Project("{2150E333-8FDC-42A3-9474-1A3956D46DE8}") = "Builds", "Builds", "{6CA4EB49-5F75-46B3-ABA5-C8CC0575D8DD}"
EndProject
Project("{2150E333-8FDC-42A3-9474-1A3956D46DE8}") = "Partial", "Partial", "{F2760982-7F59-4DFB-9FF7-BEB6BA7B7790}"
EndProject
Project("{FAE04EC0-301F-11D3-BF4B-00C04F79EFBC}") = "Cosmos.Main", "Cosmos.Main\Cosmos.Main.csproj", "{02E34280-08D9-47E2-925D-2A59F490F347}"
EndProject
Global
	GlobalSection(SolutionConfigurationPlatforms) = preSolution
		Debug|Any CPU = Debug|Any CPU
		Release|Any CPU = Release|Any CPU
	EndGlobalSection
	GlobalSection(ProjectConfigurationPlatforms) = postSolution
		{8D32E9DF-99BC-49E3-AC65-F0E1A03C8C0C}.Debug|Any CPU.ActiveCfg = Debug|Any CPU
		{8D32E9DF-99BC-49E3-AC65-F0E1A03C8C0C}.Debug|Any CPU.Build.0 = Debug|Any CPU
		{8D32E9DF-99BC-49E3-AC65-F0E1A03C8C0C}.Release|Any CPU.ActiveCfg = Release|Any CPU
		{8D32E9DF-99BC-49E3-AC65-F0E1A03C8C0C}.Release|Any CPU.Build.0 = Release|Any CPU
		{FE35C582-CB8B-4ABC-8881-908EB69BC959}.Debug|Any CPU.ActiveCfg = Debug|Any CPU
		{FE35C582-CB8B-4ABC-8881-908EB69BC959}.Debug|Any CPU.Build.0 = Debug|Any CPU
		{FE35C582-CB8B-4ABC-8881-908EB69BC959}.Debug|Any CPU.Deploy.0 = Debug|Any CPU
		{FE35C582-CB8B-4ABC-8881-908EB69BC959}.Release|Any CPU.ActiveCfg = Release|Any CPU
		{FE35C582-CB8B-4ABC-8881-908EB69BC959}.Release|Any CPU.Build.0 = Release|Any CPU
		{FE35C582-CB8B-4ABC-8881-908EB69BC959}.Release|Any CPU.Deploy.0 = Release|Any CPU
		{60FD92AA-5971-4321-9C17-6A0EB3C10DAD}.Debug|Any CPU.ActiveCfg = Debug|Any CPU
		{60FD92AA-5971-4321-9C17-6A0EB3C10DAD}.Debug|Any CPU.Build.0 = Debug|Any CPU
		{60FD92AA-5971-4321-9C17-6A0EB3C10DAD}.Release|Any CPU.ActiveCfg = Release|Any CPU
		{60FD92AA-5971-4321-9C17-6A0EB3C10DAD}.Release|Any CPU.Build.0 = Release|Any CPU
		{5A4C0CCC-805D-418E-95C3-779C4191BEC0}.Debug|Any CPU.ActiveCfg = Debug|Any CPU
		{5A4C0CCC-805D-418E-95C3-779C4191BEC0}.Debug|Any CPU.Build.0 = Debug|Any CPU
		{5A4C0CCC-805D-418E-95C3-779C4191BEC0}.Debug|Any CPU.Deploy.0 = Debug|Any CPU
		{5A4C0CCC-805D-418E-95C3-779C4191BEC0}.Release|Any CPU.ActiveCfg = Release|Any CPU
		{5A4C0CCC-805D-418E-95C3-779C4191BEC0}.Release|Any CPU.Build.0 = Release|Any CPU
		{5A4C0CCC-805D-418E-95C3-779C4191BEC0}.Release|Any CPU.Deploy.0 = Release|Any CPU
		{D32DD460-8340-4D6F-9538-D512B6574256}.Debug|Any CPU.ActiveCfg = Debug|Any CPU
		{D32DD460-8340-4D6F-9538-D512B6574256}.Debug|Any CPU.Build.0 = Debug|Any CPU
		{D32DD460-8340-4D6F-9538-D512B6574256}.Release|Any CPU.ActiveCfg = Release|Any CPU
		{D32DD460-8340-4D6F-9538-D512B6574256}.Release|Any CPU.Build.0 = Release|Any CPU
		{02E34280-08D9-47E2-925D-2A59F490F347}.Debug|Any CPU.ActiveCfg = Debug|Any CPU
		{02E34280-08D9-47E2-925D-2A59F490F347}.Debug|Any CPU.Build.0 = Debug|Any CPU
		{02E34280-08D9-47E2-925D-2A59F490F347}.Release|Any CPU.ActiveCfg = Release|Any CPU
		{02E34280-08D9-47E2-925D-2A59F490F347}.Release|Any CPU.Build.0 = Release|Any CPU
	EndGlobalSection
	GlobalSection(NestedProjects) = preSolution
		{D32DD460-8340-4D6F-9538-D512B6574256} = {6CA4EB49-5F75-46B3-ABA5-C8CC0575D8DD}
		{60FD92AA-5971-4321-9C17-6A0EB3C10DAD} = {6CA4EB49-5F75-46B3-ABA5-C8CC0575D8DD}
		{FE35C582-CB8B-4ABC-8881-908EB69BC959} = {6CA4EB49-5F75-46B3-ABA5-C8CC0575D8DD}
		{5A4C0CCC-805D-418E-95C3-779C4191BEC0} = {6CA4EB49-5F75-46B3-ABA5-C8CC0575D8DD}
		{8D32E9DF-99BC-49E3-AC65-F0E1A03C8C0C} = {F2760982-7F59-4DFB-9FF7-BEB6BA7B7790}
		{02E34280-08D9-47E2-925D-2A59F490F347} = {F2760982-7F59-4DFB-9FF7-BEB6BA7B7790}
	EndGlobalSection
EndGlobal
